
Microsoft Visual Studio Solution File, Format Version 12.00
# Visual Studio 15
VisualStudioVersion = 15.0.28307.960
MinimumVisualStudioVersion = 10.0.40219.1
Project("{FAE04EC0-301F-11D3-BF4B-00C04F79EFBC}") = "Login Logout Session", "Login Logout Session\Login Logout Session.csproj", "{651CAB8E-3152-442A-A124-6A3D96920EB6}"
EndProject
Global
	GlobalSection(SolutionConfigurationPlatforms) = preSolution
		Debug|Any CPU = Debug|Any CPU
		Release|Any CPU = Release|Any CPU
	EndGlobalSection
	GlobalSection(ProjectConfigurationPlatforms) = postSolution
		{651CAB8E-3152-442A-A124-6A3D96920EB6}.Debug|Any CPU.ActiveCfg = Debug|Any CPU
		{651CAB8E-3152-442A-A124-6A3D96920EB6}.Debug|Any CPU.Build.0 = Debug|Any CPU
		{651CAB8E-3152-442A-A124-6A3D96920EB6}.Release|Any CPU.ActiveCfg = Release|Any CPU
		{651CAB8E-3152-442A-A124-6A3D96920EB6}.Release|Any CPU.Build.0 = Release|Any CPU
	EndGlobalSection
	GlobalSection(SolutionProperties) = preSolution
		HideSolutionNode = FALSE
	EndGlobalSection
	GlobalSection(ExtensibilityGlobals) = postSolution
		SolutionGuid = {5530F49F-5BD6-40ED-B5AB-D1D2FB76A6CA}
	EndGlobalSection
EndGlobal
